
Microsoft Visual Studio Solution File, Format Version 12.00
# Visual Studio Version 16
VisualStudioVersion = 16.0.29926.136
MinimumVisualStudioVersion = 10.0.40219.1
Project("{FAE04EC0-301F-11D3-BF4B-00C04F79EFBC}") = "TiaTools V2.0", "TiaTools V2.0\TiaTools V2.0.csproj", "{38AB7A7A-4A6C-4602-8974-132E9EC9AA34}"
EndProject
Global
	GlobalSection(SolutionConfigurationPlatforms) = preSolution
		Debug|Any CPU = Debug|Any CPU
		Release|Any CPU = Release|Any CPU
	EndGlobalSection
	GlobalSection(ProjectConfigurationPlatforms) = postSolution
		{38AB7A7A-4A6C-4602-8974-132E9EC9AA34}.Debug|Any CPU.ActiveCfg = Debug|Any CPU
		{38AB7A7A-4A6C-4602-8974-132E9EC9AA34}.Debug|Any CPU.Build.0 = Debug|Any CPU
		{38AB7A7A-4A6C-4602-8974-132E9EC9AA34}.Release|Any CPU.ActiveCfg = Release|Any CPU
		{38AB7A7A-4A6C-4602-8974-132E9EC9AA34}.Release|Any CPU.Build.0 = Release|Any CPU
	EndGlobalSection
	GlobalSection(SolutionProperties) = preSolution
		HideSolutionNode = FALSE
	EndGlobalSection
	GlobalSection(ExtensibilityGlobals) = postSolution
		SolutionGuid = {3C5DDE25-2B57-4117-BE0A-2ED5D16DB79E}
	EndGlobalSection
EndGlobal
